lockfileVersion: '9.0'

settings:
  autoInstallPeers: true
  excludeLinksFromLockfile: false

importers:

  .:
    dependencies:
      pocketbase:
        specifier: ^0.21.3
        version: 0.21.3

packages:

  pocketbase@0.21.3:
    resolution: {integrity: sha512-bsQRZ1mj4dhPJ4P5iSrDqWQtBX2NtuBkf6IOZwTv27zZOw6zrISgo963i5JD/99qKKD5aMSMDPGk1BE9ZyI7Cg==}

snapshots:

  pocketbase@0.21.3: {}
